
Microsoft Visual Studio Solution File, Format Version 12.00
# Visual Studio Version 17
VisualStudioVersion = 17.0.31612.314
MinimumVisualStudioVersion = 10.0.40219.1
Project("{9A19103F-16F7-4668-BE54-9A1E7A4F7556}") = "PgnArtist", "PgnArtist\PgnArtist.csproj", "{ECE95349-76F1-4170-B0EB-C5275A6FF5F1}"
EndProject
Project("{9A19103F-16F7-4668-BE54-9A1E7A4F7556}") = "DynamicBoard", "DynamicBoard\DynamicBoard.csproj", "{7F1FDB34-474D-4D94-8CA4-760715C0B7D5}"
EndProject
Project("{9A19103F-16F7-4668-BE54-9A1E7A4F7556}") = "DynamicBoardTest", "DynamicBoardTest\DynamicBoardTest.csproj", "{B9ECC338-D568-4999-8616-3D93A4CDE491}"
EndProject
Project("{9A19103F-16F7-4668-BE54-9A1E7A4F7556}") = "PgnArtistLib", "PgnArtistLib\PgnArtistLib.csproj", "{064BA1BC-13D7-42A3-8E89-5326FD13306D}"
EndProject
Project("{9A19103F-16F7-4668-BE54-9A1E7A4F7556}") = "ChessLib.Parse", "..\..\..\HyperDragon-Clones\ChessLib\src\ChessLib.Parse\ChessLib.Parse.csproj", "{D6548DB6-7A23-4B78-BB49-1178D9485E52}"
EndProject
Project("{9A19103F-16F7-4668-BE54-9A1E7A4F7556}") = "ChessLib.Core", "..\..\..\HyperDragon-Clones\ChessLib\src\ChessLib.Core\ChessLib.Core.csproj", "{E5B3151F-51D4-4027-AF74-F9AE1317B1F6}"
EndProject
Global
	GlobalSection(SolutionConfigurationPlatforms) = preSolution
		Debug|Any CPU = Debug|Any CPU
		Debug|x64 = Debug|x64
		Debug|x86 = Debug|x86
		Release|Any CPU = Release|Any CPU
		Release|x64 = Release|x64
		Release|x86 = Release|x86
	EndGlobalSection
	GlobalSection(ProjectConfigurationPlatforms) = postSolution
		{ECE95349-76F1-4170-B0EB-C5275A6FF5F1}.Debug|Any CPU.ActiveCfg = Debug|Any CPU
		{ECE95349-76F1-4170-B0EB-C5275A6FF5F1}.Debug|Any CPU.Build.0 = Debug|Any CPU
		{ECE95349-76F1-4170-B0EB-C5275A6FF5F1}.Debug|x64.ActiveCfg = Debug|Any CPU
		{ECE95349-76F1-4170-B0EB-C5275A6FF5F1}.Debug|x64.Build.0 = Debug|Any CPU
		{ECE95349-76F1-4170-B0EB-C5275A6FF5F1}.Debug|x86.ActiveCfg = Debug|Any CPU
		{ECE95349-76F1-4170-B0EB-C5275A6FF5F1}.Debug|x86.Build.0 = Debug|Any CPU
		{ECE95349-76F1-4170-B0EB-C5275A6FF5F1}.Release|Any CPU.ActiveCfg = Release|Any CPU
		{ECE95349-76F1-4170-B0EB-C5275A6FF5F1}.Release|Any CPU.Build.0 = Release|Any CPU
		{ECE95349-76F1-4170-B0EB-C5275A6FF5F1}.Release|x64.ActiveCfg = Release|Any CPU
		{ECE95349-76F1-4170-B0EB-C5275A6FF5F1}.Release|x64.Build.0 = Release|Any CPU
		{ECE95349-76F1-4170-B0EB-C5275A6FF5F1}.Release|x86.ActiveCfg = Release|Any CPU
		{ECE95349-76F1-4170-B0EB-C5275A6FF5F1}.Release|x86.Build.0 = Release|Any CPU
		{7F1FDB34-474D-4D94-8CA4-760715C0B7D5}.Debug|Any CPU.ActiveCfg = Debug|Any CPU
		{7F1FDB34-474D-4D94-8CA4-760715C0B7D5}.Debug|Any CPU.Build.0 = Debug|Any CPU
		{7F1FDB34-474D-4D94-8CA4-760715C0B7D5}.Debug|x64.ActiveCfg = Debug|Any CPU
		{7F1FDB34-474D-4D94-8CA4-760715C0B7D5}.Debug|x64.Build.0 = Debug|Any CPU
		{7F1FDB34-474D-4D94-8CA4-760715C0B7D5}.Debug|x86.ActiveCfg = Debug|Any CPU
		{7F1FDB34-474D-4D94-8CA4-760715C0B7D5}.Debug|x86.Build.0 = Debug|Any CPU
		{7F1FDB34-474D-4D94-8CA4-760715C0B7D5}.Release|Any CPU.ActiveCfg = Release|Any CPU
		{7F1FDB34-474D-4D94-8CA4-760715C0B7D5}.Release|Any CPU.Build.0 = Release|Any CPU
		{7F1FDB34-474D-4D94-8CA4-760715C0B7D5}.Release|x64.ActiveCfg = Release|Any CPU
		{7F1FDB34-474D-4D94-8CA4-760715C0B7D5}.Release|x64.Build.0 = Release|Any CPU
		{7F1FDB34-474D-4D94-8CA4-760715C0B7D5}.Release|x86.ActiveCfg = Release|Any CPU
		{7F1FDB34-474D-4D94-8CA4-760715C0B7D5}.Release|x86.Build.0 = Release|Any CPU
		{B9ECC338-D568-4999-8616-3D93A4CDE491}.Debug|Any CPU.ActiveCfg = Debug|Any CPU
		{B9ECC338-D568-4999-8616-3D93A4CDE491}.Debug|Any CPU.Build.0 = Debug|Any CPU
		{B9ECC338-D568-4999-8616-3D93A4CDE491}.Debug|x64.ActiveCfg = Debug|Any CPU
		{B9ECC338-D568-4999-8616-3D93A4CDE491}.Debug|x64.Build.0 = Debug|Any CPU
		{B9ECC338-D568-4999-8616-3D93A4CDE491}.Debug|x86.ActiveCfg = Debug|Any CPU
		{B9ECC338-D568-4999-8616-3D93A4CDE491}.Debug|x86.Build.0 = Debug|Any CPU
		{B9ECC338-D568-4999-8616-3D93A4CDE491}.Release|Any CPU.ActiveCfg = Release|Any CPU
		{B9ECC338-D568-4999-8616-3D93A4CDE491}.Release|Any CPU.Build.0 = Release|Any CPU
		{B9ECC338-D568-4999-8616-3D93A4CDE491}.Release|x64.ActiveCfg = Release|Any CPU
		{B9ECC338-D568-4999-8616-3D93A4CDE491}.Release|x64.Build.0 = Release|Any CPU
		{B9ECC338-D568-4999-8616-3D93A4CDE491}.Release|x86.ActiveCfg = Release|Any CPU
		{B9ECC338-D568-4999-8616-3D93A4CDE491}.Release|x86.Build.0 = Release|Any CPU
		{064BA1BC-13D7-42A3-8E89-5326FD13306D}.Debug|Any CPU.ActiveCfg = Debug|Any CPU
		{064BA1BC-13D7-42A3-8E89-5326FD13306D}.Debug|Any CPU.Build.0 = Debug|Any CPU
		{064BA1BC-13D7-42A3-8E89-5326FD13306D}.Debug|x64.ActiveCfg = Debug|Any CPU
		{064BA1BC-13D7-42A3-8E89-5326FD13306D}.Debug|x64.Build.0 = Debug|Any CPU
		{064BA1BC-13D7-42A3-8E89-5326FD13306D}.Debug|x86.ActiveCfg = Debug|Any CPU
		{064BA1BC-13D7-42A3-8E89-5326FD13306D}.Debug|x86.Build.0 = Debug|Any CPU
		{064BA1BC-13D7-42A3-8E89-5326FD13306D}.Release|Any CPU.ActiveCfg = Release|Any CPU
		{064BA1BC-13D7-42A3-8E89-5326FD13306D}.Release|Any CPU.Build.0 = Release|Any CPU
		{064BA1BC-13D7-42A3-8E89-5326FD13306D}.Release|x64.ActiveCfg = Release|Any CPU
		{064BA1BC-13D7-42A3-8E89-5326FD13306D}.Release|x64.Build.0 = Release|Any CPU
		{064BA1BC-13D7-42A3-8E89-5326FD13306D}.Release|x86.ActiveCfg = Release|Any CPU
		{064BA1BC-13D7-42A3-8E89-5326FD13306D}.Release|x86.Build.0 = Release|Any CPU
		{D6548DB6-7A23-4B78-BB49-1178D9485E52}.Debug|Any CPU.ActiveCfg = Debug|Any CPU
		{D6548DB6-7A23-4B78-BB49-1178D9485E52}.Debug|Any CPU.Build.0 = Debug|Any CPU
		{D6548DB6-7A23-4B78-BB49-1178D9485E52}.Debug|x64.ActiveCfg = Debug|x64
		{D6548DB6-7A23-4B78-BB49-1178D9485E52}.Debug|x64.Build.0 = Debug|x64
		{D6548DB6-7A23-4B78-BB49-1178D9485E52}.Debug|x86.ActiveCfg = Debug|x86
		{D6548DB6-7A23-4B78-BB49-1178D9485E52}.Debug|x86.Build.0 = Debug|x86
		{D6548DB6-7A23-4B78-BB49-1178D9485E52}.Release|Any CPU.ActiveCfg = Release|Any CPU
		{D6548DB6-7A23-4B78-BB49-1178D9485E52}.Release|Any CPU.Build.0 = Release|Any CPU
		{D6548DB6-7A23-4B78-BB49-1178D9485E52}.Release|x64.ActiveCfg = Release|x64
		{D6548DB6-7A23-4B78-BB49-1178D9485E52}.Release|x64.Build.0 = Release|x64
		{D6548DB6-7A23-4B78-BB49-1178D9485E52}.Release|x86.ActiveCfg = Release|x86
		{D6548DB6-7A23-4B78-BB49-1178D9485E52}.Release|x86.Build.0 = Release|x86
		{E5B3151F-51D4-4027-AF74-F9AE1317B1F6}.Debug|Any CPU.ActiveCfg = Debug|Any CPU
		{E5B3151F-51D4-4027-AF74-F9AE1317B1F6}.Debug|Any CPU.Build.0 = Debug|Any CPU
		{E5B3151F-51D4-4027-AF74-F9AE1317B1F6}.Debug|x64.ActiveCfg = Debug|Any CPU
		{E5B3151F-51D4-4027-AF74-F9AE1317B1F6}.Debug|x64.Build.0 = Debug|Any CPU
		{E5B3151F-51D4-4027-AF74-F9AE1317B1F6}.Debug|x86.ActiveCfg = Debug|Any CPU
		{E5B3151F-51D4-4027-AF74-F9AE1317B1F6}.Debug|x86.Build.0 = Debug|Any CPU
		{E5B3151F-51D4-4027-AF74-F9AE1317B1F6}.Release|Any CPU.ActiveCfg = Release|Any CPU
		{E5B3151F-51D4-4027-AF74-F9AE1317B1F6}.Release|Any CPU.Build.0 = Release|Any CPU
		{E5B3151F-51D4-4027-AF74-F9AE1317B1F6}.Release|x64.ActiveCfg = Release|Any CPU
		{E5B3151F-51D4-4027-AF74-F9AE1317B1F6}.Release|x64.Build.0 = Release|Any CPU
		{E5B3151F-51D4-4027-AF74-F9AE1317B1F6}.Release|x86.ActiveCfg = Release|Any CPU
		{E5B3151F-51D4-4027-AF74-F9AE1317B1F6}.Release|x86.Build.0 = Release|Any CPU
	EndGlobalSection
	GlobalSection(SolutionProperties) = preSolution
		HideSolutionNode = FALSE
	EndGlobalSection
	GlobalSection(ExtensibilityGlobals) = postSolution
		SolutionGuid = {4A1881B3-33CA-44AB-BB96-D39E535841D8}
	EndGlobalSection
EndGlobal
